
Microsoft Visual Studio Solution File, Format Version 12.00
# Visual Studio Version 17
VisualStudioVersion = 17.3.32811.315
MinimumVisualStudioVersion = 10.0.40219.1
Project("{9A19103F-16F7-4668-BE54-9A1E7A4F7556}") = "MaterialDesignXaml.DialogsHelper", "MaterialDesignThemes.DialogsHelper\MaterialDesignXaml.DialogsHelper.csproj", "{44BD0FB5-F921-4547-A8A8-AE9AB9CC3C6F}"
EndProject
Global
	GlobalSection(SolutionConfigurationPlatforms) = preSolution
		Debug|Any CPU = Debug|Any CPU
		Release|Any CPU = Release|Any CPU
	EndGlobalSection
	GlobalSection(ProjectConfigurationPlatforms) = postSolution
		{44BD0FB5-F921-4547-A8A8-AE9AB9CC3C6F}.Debug|Any CPU.ActiveCfg = Debug|Any CPU
		{44BD0FB5-F921-4547-A8A8-AE9AB9CC3C6F}.Debug|Any CPU.Build.0 = Debug|Any CPU
		{44BD0FB5-F921-4547-A8A8-AE9AB9CC3C6F}.Release|Any CPU.ActiveCfg = Release|Any CPU
		{44BD0FB5-F921-4547-A8A8-AE9AB9CC3C6F}.Release|Any CPU.Build.0 = Release|Any CPU
	EndGlobalSection
	GlobalSection(SolutionProperties) = preSolution
		HideSolutionNode = FALSE
	EndGlobalSection
	GlobalSection(ExtensibilityGlobals) = postSolution
		SolutionGuid = {D5846DBD-CE8E-4149-932E-D68A90193774}
	EndGlobalSection
EndGlobal
